
Microsoft Visual Studio Solution File, Format Version 12.00
# Visual Studio Version 17
VisualStudioVersion = 17.4.33205.214
MinimumVisualStudioVersion = 10.0.40219.1
Project("{FAE04EC0-301F-11D3-BF4B-00C04F79EFBC}") = "BellMagazine", "BellMagazine\BellMagazine.csproj", "{11771E86-C360-46CB-86E4-77A10C917A12}"
EndProject
Global
	GlobalSection(SolutionConfigurationPlatforms) = preSolution
		Debug|Any CPU = Debug|Any CPU
		Release|Any CPU = Release|Any CPU
	EndGlobalSection
	GlobalSection(ProjectConfigurationPlatforms) = postSolution
		{11771E86-C360-46CB-86E4-77A10C917A12}.Debug|Any CPU.ActiveCfg = Debug|Any CPU
		{11771E86-C360-46CB-86E4-77A10C917A12}.Debug|Any CPU.Build.0 = Debug|Any CPU
		{11771E86-C360-46CB-86E4-77A10C917A12}.Release|Any CPU.ActiveCfg = Release|Any CPU
		{11771E86-C360-46CB-86E4-77A10C917A12}.Release|Any CPU.Build.0 = Release|Any CPU
	EndGlobalSection
	GlobalSection(SolutionProperties) = preSolution
		HideSolutionNode = FALSE
	EndGlobalSection
	GlobalSection(ExtensibilityGlobals) = postSolution
		SolutionGuid = {30A2B773-E3F8-4D6B-AC47-34B4F1D86645}
	EndGlobalSection
EndGlobal
